{
    "_readme": [
        "This file locks the dependencies of your project to a known state",
        "Read more about it at https://getcomposer.org/doc/01-basic-usage.md#installing-dependencies",
        "This file is @generated automatically"
    ],
    "content-hash": "3dd5a53e5d18aa48bb90b861fabfaf14",
    "packages": [
        {
            "name": "abraham/twitteroauth",
            "version": "7.0.0",
            "source": {
                "type": "git",
                "url": "https://github.com/abraham/twitteroauth.git",
                "reference": "a8622680f954d0c4f54fd80bedebe00c756ed7aa"
            },
            "dist": {
                "type": "zip",
                "url": "https://api.github.com/repos/abraham/twitteroauth/zipball/a8622680f954d0c4f54fd80bedebe00c756ed7aa",
                "reference": "a8622680f954d0c4f54fd80bedebe00c756ed7aa",
                "shasum": ""
            },
            "require": {
                "composer/ca-bundle": "^1.2",
                "ext-curl": "*",
                "php": "8.*"
            },
            "require-dev": {
                "php-vcr/php-vcr": "^1",
                "php-vcr/phpunit-testlistener-vcr": "dev-php8",
                "phpmd/phpmd": "^2",
                "phpunit/phpunit": "^9",
                "rector/rector": "^0.15.7",
                "squizlabs/php_codesniffer": "^3"
            },
            "type": "library",
            "autoload": {
                "psr-4": {
                    "Abraham\\TwitterOAuth\\": "src"
                }
            },
            "notification-url": "https://packagist.org/downloads/",
            "license": [
                "MIT"
            ],
            "authors": [
                {
                    "name": "Abraham Williams",
                    "email": "abraham@abrah.am",
                    "homepage": "https://abrah.am",
                    "role": "Developer"
                }
            ],
            "description": "The most popular PHP library for use with the Twitter OAuth REST API.",
            "homepage": "https://twitteroauth.com",
            "keywords": [
                "Twitter API",
                "Twitter oAuth",
                "api",
                "oauth",
                "rest",
                "social",
                "twitter"
            ],
            "support": {
                "issues": "https://github.com/abraham/twitteroauth/issues",
                "source": "https://github.com/abraham/twitteroauth"
            },
            "time": "2024-02-11T18:58:08+00:00"
        },
        {
            "name": "composer/ca-bundle",
            "version": "1.5.0",
            "source": {
                "type": "git",
                "url": "https://github.com/composer/ca-bundle.git",
                "reference": "0c5ccfcfea312b5c5a190a21ac5cef93f74baf99"
            },
            "dist": {
                "type": "zip",
                "url": "https://api.github.com/repos/composer/ca-bundle/zipball/0c5ccfcfea312b5c5a190a21ac5cef93f74baf99",
                "reference": "0c5ccfcfea312b5c5a190a21ac5cef93f74baf99",
                "shasum": ""
            },
            "require": {
                "ext-openssl": "*",
                "ext-pcre": "*",
                "php": "^7.2 || ^8.0"
            },
            "require-dev": {
                "phpstan/phpstan": "^1.10",
                "psr/log": "^1.0",
                "symfony/phpunit-bridge": "^4.2 || ^5",
                "symfony/process": "^4.0 || ^5.0 || ^6.0 || ^7.0"
            },
            "type": "library",
            "extra": {
                "branch-alias": {
                    "dev-main": "1.x-dev"
                }
            },
            "autoload": {
                "psr-4": {
                    "Composer\\CaBundle\\": "src"
                }
            },
            "notification-url": "https://packagist.org/downloads/",
            "license": [
                "MIT"
            ],
            "authors": [
                {
                    "name": "Jordi Boggiano",
                    "email": "j.boggiano@seld.be",
                    "homepage": "http://seld.be"
                }
            ],
            "description": "Lets you find a path to the system CA bundle, and includes a fallback to the Mozilla CA bundle.",
            "keywords": [
                "cabundle",
                "cacert",
                "certificate",
                "ssl",
                "tls"
            ],
            "support": {
                "irc": "irc://irc.freenode.org/composer",
                "issues": "https://github.com/composer/ca-bundle/issues",
                "source": "https://github.com/composer/ca-bundle/tree/1.5.0"
            },
            "funding": [
                {
                    "url": "https://packagist.com",
                    "type": "custom"
                },
                {
                    "url": "https://github.com/composer",
                    "type": "github"
                },
                {
                    "url": "https://tidelift.com/funding/github/packagist/composer/composer",
                    "type": "tidelift"
                }
            ],
            "time": "2024-03-15T14:00:32+00:00"
        },
        {
            "name": "pierreminiggio/database-connection",
            "version": "1.2.1",
            "source": {
                "type": "git",
                "url": "https://github.com/pierreminiggio/database-connection.git",
                "reference": "ff55d9d7ea01f29855b2f8dba8e56ded661188ac"
            },
            "dist": {
                "type": "zip",
                "url": "https://api.github.com/repos/pierreminiggio/database-connection/zipball/ff55d9d7ea01f29855b2f8dba8e56ded661188ac",
                "reference": "ff55d9d7ea01f29855b2f8dba8e56ded661188ac",
                "shasum": ""
            },
            "require": {
                "php": ">=8.0.0"
            },
            "type": "library",
            "autoload": {
                "psr-4": {
                    "PierreMiniggio\\DatabaseConnection\\": "src/"
                }
            },
            "notification-url": "https://packagist.org/downloads/",
            "authors": [
                {
                    "name": "Pierre MINIGGIO",
                    "email": "pierre@miniggiodev.fr"
                }
            ],
            "description": "Interact with a SQL Database",
            "support": {
                "issues": "https://github.com/pierreminiggio/database-connection/issues",
                "source": "https://github.com/pierreminiggio/database-connection/tree/1.2.1"
            },
            "time": "2020-12-27T17:59:34+00:00"
        },
        {
            "name": "pierreminiggio/twitter-helpers",
            "version": "1.0.0",
            "source": {
                "type": "git",
                "url": "https://github.com/pierreminiggio/twitter-helpers.git",
                "reference": "107f603283dbe7b27b3e1f27fe7806226ce5e900"
            },
            "dist": {
                "type": "zip",
                "url": "https://api.github.com/repos/pierreminiggio/twitter-helpers/zipball/107f603283dbe7b27b3e1f27fe7806226ce5e900",
                "reference": "107f603283dbe7b27b3e1f27fe7806226ce5e900",
                "shasum": ""
            },
            "require": {
                "abraham/twitteroauth": "^7.0",
                "php": "^7.4 || ^8.0"
            },
            "type": "library",
            "autoload": {
                "psr-4": {
                    "PierreMiniggio\\TwitterHelpers\\": "src/"
                }
            },
            "notification-url": "https://packagist.org/downloads/",
            "authors": [
                {
                    "name": "Pierre MINIGGIO",
                    "email": "pierre@miniggiodev.fr"
                }
            ],
            "description": "A file from an old application that I could actually use again",
            "support": {
                "issues": "https://github.com/pierreminiggio/twitter-helpers/issues",
                "source": "https://github.com/pierreminiggio/twitter-helpers/tree/1.0.0"
            },
            "time": "2024-04-29T03:05:37+00:00"
        }
    ],
    "packages-dev": [],
    "aliases": [],
    "minimum-stability": "stable",
    "stability-flags": [],
    "prefer-stable": false,
    "prefer-lowest": false,
    "platform": [],
    "platform-dev": [],
    "plugin-api-version": "2.0.0"
}
